Microsoft Visual Studio Solution File, Format Version 8.00
Project("{8BC9CEB8-8B4A-11D0-8D11-00A0C91BC942}") = "LinkExtractBar", "LinkExtractBar_7.10.vcproj", "{1CA88E29-FC5C-42F4-AF4E-2660482625EE}"
	ProjectSection(ProjectDependencies) = postProject
	EndProjectSection
EndProject
Global
	GlobalSection(SolutionConfiguration) = preSolution
		Debug = Debug
		Release = Release
	EndGlobalSection
	GlobalSection(ProjectConfiguration) = postSolution
		{1CA88E29-FC5C-42F4-AF4E-2660482625EE}.Debug.ActiveCfg = Debug|Win32
		{1CA88E29-FC5C-42F4-AF4E-2660482625EE}.Debug.Build.0 = Debug|Win32
		{1CA88E29-FC5C-42F4-AF4E-2660482625EE}.Release.ActiveCfg = Release|Win32
		{1CA88E29-FC5C-42F4-AF4E-2660482625EE}.Release.Build.0 = Release|Win32
	EndGlobalSection
	GlobalSection(ExtensibilityGlobals) = postSolution
	EndGlobalSection
	GlobalSection(ExtensibilityAddIns) = postSolution
	EndGlobalSection
	GlobalSection(SolutionConfigurationPlatforms) = preSolution
		Debug|Win32 = Debug|Win32
		Release|Win32 = Release|Win32
	EndGlobalSection
	GlobalSection(ProjectConfigurationPlatforms) = postSolution
		{1CA88E29-FC5C-42F4-AF4E-2660482625EE}.Debug|Win32.ActiveCfg = Debug|Win32
		{1CA88E29-FC5C-42F4-AF4E-2660482625EE}.Debug|Win32.Build.0 = Debug|Win32
		{1CA88E29-FC5C-42F4-AF4E-2660482625EE}.Release|Win32.ActiveCfg = Release|Win32
		{1CA88E29-FC5C-42F4-AF4E-2660482625EE}.Release|Win32.Build.0 = Release|Win32
	EndGlobalSection
	GlobalSection(SolutionProperties) = preSolution
		HideSolutionNode = FALSE
	EndGlobalSection
EndGlobal
